
Microsoft Visual Studio Solution File, Format Version 12.00
# Visual Studio 14
VisualStudioVersion = 14.0.25420.1
MinimumVisualStudioVersion = 10.0.40219.1
Project("{FAE04EC0-301F-11D3-BF4B-00C04F79EFBC}") = "ejer014", "ejer014\ejer014.csproj", "{77C2C53A-4929-4882-90EB-009B3EDAC9B9}"
EndProject
Project("{FAE04EC0-301F-11D3-BF4B-00C04F79EFBC}") = "ejer014Test", "ejer014Test\ejer014Test.csproj", "{002B45EE-1823-4045-89AD-F19F3EFCCD58}"
EndProject
Global
	GlobalSection(SolutionConfigurationPlatforms) = preSolution
		Debug|Any CPU = Debug|Any CPU
		Release|Any CPU = Release|Any CPU
	EndGlobalSection
	GlobalSection(ProjectConfigurationPlatforms) = postSolution
		{77C2C53A-4929-4882-90EB-009B3EDAC9B9}.Debug|Any CPU.ActiveCfg = Debug|Any CPU
		{77C2C53A-4929-4882-90EB-009B3EDAC9B9}.Debug|Any CPU.Build.0 = Debug|Any CPU
		{77C2C53A-4929-4882-90EB-009B3EDAC9B9}.Release|Any CPU.ActiveCfg = Release|Any CPU
		{77C2C53A-4929-4882-90EB-009B3EDAC9B9}.Release|Any CPU.Build.0 = Release|Any CPU
		{002B45EE-1823-4045-89AD-F19F3EFCCD58}.Debug|Any CPU.ActiveCfg = Debug|Any CPU
		{002B45EE-1823-4045-89AD-F19F3EFCCD58}.Debug|Any CPU.Build.0 = Debug|Any CPU
		{002B45EE-1823-4045-89AD-F19F3EFCCD58}.Release|Any CPU.ActiveCfg = Release|Any CPU
		{002B45EE-1823-4045-89AD-F19F3EFCCD58}.Release|Any CPU.Build.0 = Release|Any CPU
	EndGlobalSection
	GlobalSection(SolutionProperties) = preSolution
		HideSolutionNode = FALSE
	EndGlobalSection
EndGlobal
